{
  "name": "devcontainer",
  "lockfileVersion": 3,
  "requires": true,
  "packages": {
    "": {
      "dependencies": {
        "nill": "latest"
      }
    },
    "node_modules/nill": {
      "version": "1.0.0",
      "resolved": "https://registry.npmjs.org/nill/-/nill-1.0.0.tgz",
      "integrity": "sha512-q1juAPJJYR+tUSQU9FkTRhFvighKt57mHCXltmpyfgvSpkAUv48ceWrYIFayBgckmmabVR0Ie0YUsgh10uNLSA==",
      "license": "ISC",
      "bin": {
        "nothing": "index.js"
      }
    }
  }
}
